
Microsoft Visual Studio Solution File, Format Version 12.00
# Visual Studio Version 17
VisualStudioVersion = 17.9.34607.119
MinimumVisualStudioVersion = 10.0.40219.1
Project("{9A19103F-16F7-4668-BE54-9A1E7A4F7556}") = "Iffco.Malaysia.Server", "Iffco.Malaysia.Server\Iffco.Malaysia.Server.csproj", "{5959F4BA-9A00-4D6E-AF4E-0B6139079030}"
EndProject
Project("{54A90642-561A-4BB1-A94E-469ADEE60C69}") = "Iffco.Malaysia.client", "Iffco.Malaysia.client\Iffco.Malaysia.client.esproj", "{1BA1517C-D12D-498D-A777-9ED016461004}"
EndProject
Global
	GlobalSection(SolutionConfigurationPlatforms) = preSolution
		Debug|Any CPU = Debug|Any CPU
		Release|Any CPU = Release|Any CPU
	EndGlobalSection
	GlobalSection(ProjectConfigurationPlatforms) = postSolution
		{5959F4BA-9A00-4D6E-AF4E-0B6139079030}.Debug|Any CPU.ActiveCfg = Debug|Any CPU
		{5959F4BA-9A00-4D6E-AF4E-0B6139079030}.Debug|Any CPU.Build.0 = Debug|Any CPU
		{5959F4BA-9A00-4D6E-AF4E-0B6139079030}.Release|Any CPU.ActiveCfg = Release|Any CPU
		{5959F4BA-9A00-4D6E-AF4E-0B6139079030}.Release|Any CPU.Build.0 = Release|Any CPU
		{1BA1517C-D12D-498D-A777-9ED016461004}.Debug|Any CPU.ActiveCfg = Debug|Any CPU
		{1BA1517C-D12D-498D-A777-9ED016461004}.Debug|Any CPU.Build.0 = Debug|Any CPU
		{1BA1517C-D12D-498D-A777-9ED016461004}.Debug|Any CPU.Deploy.0 = Debug|Any CPU
		{1BA1517C-D12D-498D-A777-9ED016461004}.Release|Any CPU.ActiveCfg = Release|Any CPU
		{1BA1517C-D12D-498D-A777-9ED016461004}.Release|Any CPU.Build.0 = Release|Any CPU
		{1BA1517C-D12D-498D-A777-9ED016461004}.Release|Any CPU.Deploy.0 = Release|Any CPU
	EndGlobalSection
	GlobalSection(SolutionProperties) = preSolution
		HideSolutionNode = FALSE
	EndGlobalSection
	GlobalSection(ExtensibilityGlobals) = postSolution
		SolutionGuid = {2D347159-F3F0-4E06-A501-AA846FC482D2}
	EndGlobalSection
EndGlobal
